// !$*UTF8*$!
{
	archiveVersion = 1;
	classes = {
	};
	objectVersion = 46;
	objects = {

/* Begin PBXBuildFile section */
		6F006C9515DB7018000A7232 /* Localizable.strings in Resources */ = {isa = PBXBuildFile; fileRef = 6F006C9715DB7018000A7232 /* Localizable.strings */; };
		6F2E651E15CB9E9400F738F9 /* ConfigEditViewController.m in Sources */ = {isa = PBXBuildFile; fileRef = 6F2E651D15CB9E9400F738F9 /* ConfigEditViewController.m */; };
		6F639D9D15DB77F70049ED65 /* iAd.framework in Frameworks */ = {isa = PBXBuildFile; fileRef = 6F639D9C15DB77F70049ED65 /* iAd.framework */; };
		6F77885015D4D231007B46EF /* Account.m in Sources */ = {isa = PBXBuildFile; fileRef = 6F77884F15D4D231007B46EF /* Account.m */; };
		6F871A3F15D4F96800E471AF /* NSManagedObjectID+getId.m in Sources */ = {isa = PBXBuildFile; fileRef = 6F871A3E15D4F96800E471AF /* NSManagedObjectID+getId.m */; };
		6F8E009B15D2225600B2BFC2 /* Security.framework in Frameworks */ = {isa = PBXBuildFile; fileRef = 6F8E009A15D2225600B2BFC2 /* Security.framework */; };
		6F93799C15CB653E00840403 /* ConfigViewController.m in Sources */ = {isa = PBXBuildFile; fileRef = 6F93799B15CB653E00840403 /* ConfigViewController.m */; };
		6F94520D15D8972E00F68232 /* CMKeychain.m in Sources */ = {isa = PBXBuildFile; fileRef = 6F94520C15D8972E00F68232 /* CMKeychain.m */; };
		6FA6D3B515CB8AAC0091D8B9 /* PasswordEditViewController.m in Sources */ = {isa = PBXBuildFile; fileRef = 6FA6D3B415CB8AAC0091D8B9 /* PasswordEditViewController.m */; };
		6FC3010615CF5C230032C490 /* EditUrlViewController.m in Sources */ = {isa = PBXBuildFile; fileRef = 6FC3010515CF5C230032C490 /* EditUrlViewController.m */; };
		6FC54E6615DCBCB400CC34EF /* back.png in Resources */ = {isa = PBXBuildFile; fileRef = 6FC54E6415DCBCB400CC34EF /* back.png */; };
		6FC54E6715DCBCB400CC34EF /* forward.png in Resources */ = {isa = PBXBuildFile; fileRef = 6FC54E6515DCBCB400CC34EF /* forward.png */; };
		7B1FE34315D9E56B00B3CB4C /* add.png in Resources */ = {isa = PBXBuildFile; fileRef = 7B1FE34115D9E56B00B3CB4C /* add.png */; };
		7B1FE34415D9E56B00B3CB4C /* conf.png in Resources */ = {isa = PBXBuildFile; fileRef = 7B1FE34215D9E56B00B3CB4C /* conf.png */; };
		7B88F11E15CC0F4700414328 /* InitViewController.m in Sources */ = {isa = PBXBuildFile; fileRef = 7B88F11D15CC0F4700414328 /* InitViewController.m */; };
		7B99106315CC2E0B00CD2708 /* WebViewController.m in Sources */ = {isa = PBXBuildFile; fileRef = 7B99106215CC2E0B00CD2708 /* WebViewController.m */; };
		7B995EAC15C434FE0012AD11 /* EditViewController.m in Sources */ = {isa = PBXBuildFile; fileRef = 7B995EAB15C434FE0012AD11 /* EditViewController.m */; };
		7BB16CD115C2F40500FAD7A4 /* LockViewController.m in Sources */ = {isa = PBXBuildFile; fileRef = 7BB16CD015C2F40500FAD7A4 /* LockViewController.m */; };
		7BB8C05615C2D3FB00109154 /* UIKit.framework in Frameworks */ = {isa = PBXBuildFile; fileRef = 7BB8C05515C2D3FB00109154 /* UIKit.framework */; };
		7BB8C05815C2D3FB00109154 /* Foundation.framework in Frameworks */ = {isa = PBXBuildFile; fileRef = 7BB8C05715C2D3FB00109154 /* Foundation.framework */; };
		7BB8C05A15C2D3FB00109154 /* CoreGraphics.framework in Frameworks */ = {isa = PBXBuildFile; fileRef = 7BB8C05915C2D3FB00109154 /* CoreGraphics.framework */; };
		7BB8C05C15C2D3FB00109154 /* CoreData.framework in Frameworks */ = {isa = PBXBuildFile; fileRef = 7BB8C05B15C2D3FB00109154 /* CoreData.framework */; };
		7BB8C06215C2D3FB00109154 /* InfoPlist.strings in Resources */ = {isa = PBXBuildFile; fileRef = 7BB8C06015C2D3FB00109154 /* InfoPlist.strings */; };
		7BB8C06415C2D3FB00109154 /* main.m in Sources */ = {isa = PBXBuildFile; fileRef = 7BB8C06315C2D3FB00109154 /* main.m */; };
		7BB8C06815C2D3FB00109154 /* AppDelegate.m in Sources */ = {isa = PBXBuildFile; fileRef = 7BB8C06715C2D3FB00109154 /* AppDelegate.m */; };
		7BB8C06B15C2D3FB00109154 /* MainStoryboard.storyboard in Resources */ = {isa = PBXBuildFile; fileRef = 7BB8C06915C2D3FB00109154 /* MainStoryboard.storyboard */; };
		7BB8C06E15C2D3FB00109154 /* IdList.xcdatamodeld in Sources */ = {isa = PBXBuildFile; fileRef = 7BB8C06C15C2D3FB00109154 /* IdList.xcdatamodeld */; };
		7BB8C07115C2D3FB00109154 /* MasterViewController.m in Sources */ = {isa = PBXBuildFile; fileRef = 7BB8C07015C2D3FB00109154 /* MasterViewController.m */; };
		7BB8C07415C2D3FB00109154 /* DetailViewController.m in Sources */ = {isa = PBXBuildFile; fileRef = 7BB8C07315C2D3FB00109154 /* DetailViewController.m */; };
		7BB8C07C15C2D3FB00109154 /* SenTestingKit.framework in Frameworks */ = {isa = PBXBuildFile; fileRef = 7BB8C07B15C2D3FB00109154 /* SenTestingKit.framework */; };
		7BB8C07D15C2D3FB00109154 /* UIKit.framework in Frameworks */ = {isa = PBXBuildFile; fileRef = 7BB8C05515C2D3FB00109154 /* UIKit.framework */; };
		7BB8C07E15C2D3FB00109154 /* Foundation.framework in Frameworks */ = {isa = PBXBuildFile; fileRef = 7BB8C05715C2D3FB00109154 /* Foundation.framework */; };
		7BB8C07F15C2D3FB00109154 /* CoreData.framework in Frameworks */ = {isa = PBXBuildFile; fileRef = 7BB8C05B15C2D3FB00109154 /* CoreData.framework */; };
		7BB8C08715C2D3FB00109154 /* InfoPlist.strings in Resources */ = {isa = PBXBuildFile; fileRef = 7BB8C08515C2D3FB00109154 /* InfoPlist.strings */; };
		7BB8C08A15C2D3FB00109154 /* IdListTests.m in Sources */ = {isa = PBXBuildFile; fileRef = 7BB8C08915C2D3FB00109154 /* IdListTests.m */; };
/* End PBXBuildFile section */

/* Begin PBXContainerItemProxy section */
		7BB8C08015C2D3FB00109154 /* PBXContainerItemProxy */ = {
			isa = PBXContainerItemProxy;
			containerPortal = 7BB8C04815C2D3FB00109154 /* Project object */;
			proxyType = 1;
			remoteGlobalIDString = 7BB8C05015C2D3FB00109154;
			remoteInfo = IdList;
		};
/* End PBXContainerItemProxy section */

/* Begin PBXFileReference section */
		6F006C8F15DB52F5000A7232 /* ja */ = {isa = PBXFileReference; lastKnownFileType = file.storyboard; name = ja; path = ja.lproj/MainStoryboard.storyboard; sourceTree = "<group>"; };
		6F006C9015DB52F5000A7232 /* ja */ = {isa = PBXFileReference; lastKnownFileType = text.plist.strings; name = ja; path = ja.lproj/InfoPlist.strings; sourceTree = "<group>"; };
		6F006C9215DB52F5000A7232 /* ja */ = {isa = PBXFileReference; lastKnownFileType = text.plist.strings; name = ja; path = ja.lproj/InfoPlist.strings; sourceTree = "<group>"; };
		6F006C9615DB7018000A7232 /* en */ = {isa = PBXFileReference; lastKnownFileType = text.plist.strings; name = en; path = en.lproj/Localizable.strings; sourceTree = "<group>"; };
		6F006C9815DB7020000A7232 /* ja */ = {isa = PBXFileReference; lastKnownFileType = text.plist.strings; name = ja; path = ja.lproj/Localizable.strings; sourceTree = "<group>"; };
		6F2E651C15CB9E9400F738F9 /* ConfigEditViewController.h */ = {isa = PBXFileReference; fileEncoding = 4; lastKnownFileType = sourcecode.c.h; path = ConfigEditViewController.h; sourceTree = "<group>"; };
		6F2E651D15CB9E9400F738F9 /* ConfigEditViewController.m */ = {isa = PBXFileReference; fileEncoding = 4; lastKnownFileType = sourcecode.c.objc; path = ConfigEditViewController.m; sourceTree = "<group>"; };
		6F639D9C15DB77F70049ED65 /* iAd.framework */ = {isa = PBXFileReference; lastKnownFileType = wrapper.framework; name = iAd.framework; path = System/Library/Frameworks/iAd.framework; sourceTree = SDKROOT; };
		6F77884E15D4D231007B46EF /* Account.h */ = {isa = PBXFileReference; fileEncoding = 4; lastKnownFileType = sourcecode.c.h; path = Account.h; sourceTree = "<group>"; };
		6F77884F15D4D231007B46EF /* Account.m */ = {isa = PBXFileReference; fileEncoding = 4; lastKnownFileType = sourcecode.c.objc; path = Account.m; sourceTree = "<group>"; };
		6F871A3D15D4F96800E471AF /* NSManagedObjectID+getId.h */ = {isa = PBXFileReference; fileEncoding = 4; lastKnownFileType = sourcecode.c.h; path = "NSManagedObjectID+getId.h"; sourceTree = "<group>"; };
		6F871A3E15D4F96800E471AF /* NSManagedObjectID+getId.m */ = {isa = PBXFileReference; fileEncoding = 4; lastKnownFileType = sourcecode.c.objc; path = "NSManagedObjectID+getId.m"; sourceTree = "<group>"; };
		6F8E009A15D2225600B2BFC2 /* Security.framework */ = {isa = PBXFileReference; lastKnownFileType = wrapper.framework; name = Security.framework; path = System/Library/Frameworks/Security.framework; sourceTree = SDKROOT; };
		6F93799A15CB653E00840403 /* ConfigViewController.h */ = {isa = PBXFileReference; fileEncoding = 4; lastKnownFileType = sourcecode.c.h; path = ConfigViewController.h; sourceTree = "<group>"; };
		6F93799B15CB653E00840403 /* ConfigViewController.m */ = {isa = PBXFileReference; fileEncoding = 4; lastKnownFileType = sourcecode.c.objc; path = ConfigViewController.m; sourceTree = "<group>"; };
		6F94520B15D8972E00F68232 /* CMKeychain.h */ = {isa = PBXFileReference; fileEncoding = 4; lastKnownFileType = sourcecode.c.h; path = CMKeychain.h; sourceTree = "<group>"; };
		6F94520C15D8972E00F68232 /* CMKeychain.m */ = {isa = PBXFileReference; fileEncoding = 4; lastKnownFileType = sourcecode.c.objc; path = CMKeychain.m; sourceTree = "<group>"; };
		6FA6D3B315CB8AAC0091D8B9 /* PasswordEditViewController.h */ = {isa = PBXFileReference; fileEncoding = 4; lastKnownFileType = sourcecode.c.h; path = PasswordEditViewController.h; sourceTree = "<group>"; };
		6FA6D3B415CB8AAC0091D8B9 /* PasswordEditViewController.m */ = {isa = PBXFileReference; fileEncoding = 4; lastKnownFileType = sourcecode.c.objc; path = PasswordEditViewController.m; sourceTree = "<group>"; };
		6FC3010415CF5C230032C490 /* EditUrlViewController.h */ = {isa = PBXFileReference; fileEncoding = 4; lastKnownFileType = sourcecode.c.h; path = EditUrlViewController.h; sourceTree = "<group>"; };
		6FC3010515CF5C230032C490 /* EditUrlViewController.m */ = {isa = PBXFileReference; fileEncoding = 4; lastKnownFileType = sourcecode.c.objc; path = EditUrlViewController.m; sourceTree = "<group>"; };
		6FC54E6415DCBCB400CC34EF /* back.png */ = {isa = PBXFileReference; lastKnownFileType = image.png; path = back.png; sourceTree = "<group>"; };
		6FC54E6515DCBCB400CC34EF /* forward.png */ = {isa = PBXFileReference; lastKnownFileType = image.png; path = forward.png; sourceTree = "<group>"; };
		7B1FE34115D9E56B00B3CB4C /* add.png */ = {isa = PBXFileReference; lastKnownFileType = image.png; path = add.png; sourceTree = "<group>"; };
		7B1FE34215D9E56B00B3CB4C /* conf.png */ = {isa = PBXFileReference; lastKnownFileType = image.png; path = conf.png; sourceTree = "<group>"; };
		7B88F11C15CC0F4700414328 /* InitViewController.h */ = {isa = PBXFileReference; fileEncoding = 4; lastKnownFileType = sourcecode.c.h; path = InitViewController.h; sourceTree = "<group>"; };
		7B88F11D15CC0F4700414328 /* InitViewController.m */ = {isa = PBXFileReference; fileEncoding = 4; lastKnownFileType = sourcecode.c.objc; path = InitViewController.m; sourceTree = "<group>"; };
		7B99106115CC2E0B00CD2708 /* WebViewController.h */ = {isa = PBXFileReference; fileEncoding = 4; lastKnownFileType = sourcecode.c.h; path = WebViewController.h; sourceTree = "<group>"; };
		7B99106215CC2E0B00CD2708 /* WebViewController.m */ = {isa = PBXFileReference; fileEncoding = 4; lastKnownFileType = sourcecode.c.objc; path = WebViewController.m; sourceTree = "<group>"; };
		7B995EAA15C434FE0012AD11 /* EditViewController.h */ = {isa = PBXFileReference; fileEncoding = 4; lastKnownFileType = sourcecode.c.h; path = EditViewController.h; sourceTree = "<group>"; };
		7B995EAB15C434FE0012AD11 /* EditViewController.m */ = {isa = PBXFileReference; fileEncoding = 4; lastKnownFileType = sourcecode.c.objc; path = EditViewController.m; sourceTree = "<group>"; };
		7BB16CCF15C2F40500FAD7A4 /* LockViewController.h */ = {isa = PBXFileReference; fileEncoding = 4; lastKnownFileType = sourcecode.c.h; path = LockViewController.h; sourceTree = "<group>"; };
		7BB16CD015C2F40500FAD7A4 /* LockViewController.m */ = {isa = PBXFileReference; fileEncoding = 4; lastKnownFileType = sourcecode.c.objc; path = LockViewController.m; sourceTree = "<group>"; };
		7BB8C05115C2D3FB00109154 /* IdList.app */ = {isa = PBXFileReference; explicitFileType = wrapper.application; includeInIndex = 0; path = IdList.app; sourceTree = BUILT_PRODUCTS_DIR; };
		7BB8C05515C2D3FB00109154 /* UIKit.framework */ = {isa = PBXFileReference; lastKnownFileType = wrapper.framework; name = UIKit.framework; path = System/Library/Frameworks/UIKit.framework; sourceTree = SDKROOT; };
		7BB8C05715C2D3FB00109154 /* Foundation.framework */ = {isa = PBXFileReference; lastKnownFileType = wrapper.framework; name = Foundation.framework; path = System/Library/Frameworks/Foundation.framework; sourceTree = SDKROOT; };
		7BB8C05915C2D3FB00109154 /* CoreGraphics.framework */ = {isa = PBXFileReference; lastKnownFileType = wrapper.framework; name = CoreGraphics.framework; path = System/Library/Frameworks/CoreGraphics.framework; sourceTree = SDKROOT; };
		7BB8C05B15C2D3FB00109154 /* CoreData.framework */ = {isa = PBXFileReference; lastKnownFileType = wrapper.framework; name = CoreData.framework; path = System/Library/Frameworks/CoreData.framework; sourceTree = SDKROOT; };
		7BB8C05F15C2D3FB00109154 /* IdList-Info.plist */ = {isa = PBXFileReference; lastKnownFileType = text.plist.xml; path = "IdList-Info.plist"; sourceTree = "<group>"; };
		7BB8C06115C2D3FB00109154 /* en */ = {isa = PBXFileReference; lastKnownFileType = text.plist.strings; name = en; path = en.lproj/InfoPlist.strings; sourceTree = "<group>"; };
		7BB8C06315C2D3FB00109154 /* main.m */ = {isa = PBXFileReference; lastKnownFileType = sourcecode.c.objc; path = main.m; sourceTree = "<group>"; };
		7BB8C06515C2D3FB00109154 /* IdList-Prefix.pch */ = {isa = PBXFileReference; lastKnownFileType = sourcecode.c.h; path = "IdList-Prefix.pch"; sourceTree = "<group>"; };
		7BB8C06615C2D3FB00109154 /* AppDelegate.h */ = {isa = PBXFileReference; lastKnownFileType = sourcecode.c.h; path = AppDelegate.h; sourceTree = "<group>"; };
		7BB8C06715C2D3FB00109154 /* AppDelegate.m */ = {isa = PBXFileReference; lastKnownFileType = sourcecode.c.objc; path = AppDelegate.m; sourceTree = "<group>"; };
		7BB8C06A15C2D3FB00109154 /* en */ = {isa = PBXFileReference; lastKnownFileType = file.storyboard; name = en; path = en.lproj/MainStoryboard.storyboard; sourceTree = "<group>"; };
		7BB8C06D15C2D3FB00109154 /* IdList.xcdatamodel */ = {isa = PBXFileReference; lastKnownFileType = wrapper.xcdatamodel; path = IdList.xcdatamodel; sourceTree = "<group>"; };
		7BB8C06F15C2D3FB00109154 /* MasterViewController.h */ = {isa = PBXFileReference; lastKnownFileType = sourcecode.c.h; path = MasterViewController.h; sourceTree = "<group>"; };
		7BB8C07015C2D3FB00109154 /* MasterViewController.m */ = {isa = PBXFileReference; lastKnownFileType = sourcecode.c.objc; path = MasterViewController.m; sourceTree = "<group>"; };
		7BB8C07215C2D3FB00109154 /* DetailViewController.h */ = {isa = PBXFileReference; lastKnownFileType = sourcecode.c.h; path = DetailViewController.h; sourceTree = "<group>"; };
		7BB8C07315C2D3FB00109154 /* DetailViewController.m */ = {isa = PBXFileReference; lastKnownFileType = sourcecode.c.objc; path = DetailViewController.m; sourceTree = "<group>"; };
		7BB8C07A15C2D3FB00109154 /* IdListTests.octest */ = {isa = PBXFileReference; explicitFileType = wrapper.cfbundle; includeInIndex = 0; path = IdListTests.octest; sourceTree = BUILT_PRODUCTS_DIR; };
		7BB8C07B15C2D3FB00109154 /* SenTestingKit.framework */ = {isa = PBXFileReference; lastKnownFileType = wrapper.framework; name = SenTestingKit.framework; path = Library/Frameworks/SenTestingKit.framework; sourceTree = DEVELOPER_DIR; };
		7BB8C08415C2D3FB00109154 /* IdListTests-Info.plist */ = {isa = PBXFileReference; lastKnownFileType = text.plist.xml; path = "IdListTests-Info.plist"; sourceTree = "<group>"; };
		7BB8C08615C2D3FB00109154 /* en */ = {isa = PBXFileReference; lastKnownFileType = text.plist.strings; name = en; path = en.lproj/InfoPlist.strings; sourceTree = "<group>"; };
		7BB8C08815C2D3FB00109154 /* IdListTests.h */ = {isa = PBXFileReference; lastKnownFileType = sourcecode.c.h; path = IdListTests.h; sourceTree = "<group>"; };
		7BB8C08915C2D3FB00109154 /* IdListTests.m */ = {isa = PBXFileReference; lastKnownFileType = sourcecode.c.objc; path = IdListTests.m; sourceTree = "<group>"; };
/* End PBXFileReference section */

/* Begin PBXFrameworksBuildPhase section */
		7BB8C04E15C2D3FB00109154 /* Frameworks */ = {
			isa = PBXFrameworksBuildPhase;
			buildActionMask = 2147483647;
			files = (
				6F639D9D15DB77F70049ED65 /* iAd.framework in Frameworks */,
				6F8E009B15D2225600B2BFC2 /* Security.framework in Frameworks */,
				7BB8C05615C2D3FB00109154 /* UIKit.framework in Frameworks */,
				7BB8C05815C2D3FB00109154 /* Foundation.framework in Frameworks */,
				7BB8C05A15C2D3FB00109154 /* CoreGraphics.framework in Frameworks */,
				7BB8C05C15C2D3FB00109154 /* CoreData.framework in Frameworks */,
			);
			runOnlyForDeploymentPostprocessing = 0;
		};
		7BB8C07615C2D3FB00109154 /* Frameworks */ = {
			isa = PBXFrameworksBuildPhase;
			buildActionMask = 2147483647;
			files = (
				7BB8C07C15C2D3FB00109154 /* SenTestingKit.framework in Frameworks */,
				7BB8C07D15C2D3FB00109154 /* UIKit.framework in Frameworks */,
				7BB8C07E15C2D3FB00109154 /* Foundation.framework in Frameworks */,
				7BB8C07F15C2D3FB00109154 /* CoreData.framework in Frameworks */,
			);
			runOnlyForDeploymentPostprocessing = 0;
		};
/* End PBXFrameworksBuildPhase section */

/* Begin PBXGroup section */
		7B1FE33B15D9E40500B3CB4C /* image */ = {
			isa = PBXGroup;
			children = (
				7B1FE34115D9E56B00B3CB4C /* add.png */,
				6FC54E6415DCBCB400CC34EF /* back.png */,
				6FC54E6515DCBCB400CC34EF /* forward.png */,
				7B1FE34215D9E56B00B3CB4C /* conf.png */,
			);
			name = image;
			sourceTree = "<group>";
		};
		7BB8C04615C2D3FB00109154 = {
			isa = PBXGroup;
			children = (
				7BB8C05D15C2D3FB00109154 /* IdList */,
				7BB8C08215C2D3FB00109154 /* IdListTests */,
				7BB8C05415C2D3FB00109154 /* Frameworks */,
				7BB8C05215C2D3FB00109154 /* Products */,
			);
			sourceTree = "<group>";
		};
		7BB8C05215C2D3FB00109154 /* Products */ = {
			isa = PBXGroup;
			children = (
				7BB8C05115C2D3FB00109154 /* IdList.app */,
				7BB8C07A15C2D3FB00109154 /* IdListTests.octest */,
			);
			name = Products;
			sourceTree = "<group>";
		};
		7BB8C05415C2D3FB00109154 /* Frameworks */ = {
			isa = PBXGroup;
			children = (
				6F639D9C15DB77F70049ED65 /* iAd.framework */,
				6F8E009A15D2225600B2BFC2 /* Security.framework */,
				7BB8C05515C2D3FB00109154 /* UIKit.framework */,
				7BB8C05715C2D3FB00109154 /* Foundation.framework */,
				7BB8C05915C2D3FB00109154 /* CoreGraphics.framework */,
				7BB8C05B15C2D3FB00109154 /* CoreData.framework */,
				7BB8C07B15C2D3FB00109154 /* SenTestingKit.framework */,
			);
			name = Frameworks;
			sourceTree = "<group>";
		};
		7BB8C05D15C2D3FB00109154 /* IdList */ = {
			isa = PBXGroup;
			children = (
				7B1FE33B15D9E40500B3CB4C /* image */,
				7BB8C06615C2D3FB00109154 /* AppDelegate.h */,
				7BB8C06715C2D3FB00109154 /* AppDelegate.m */,
				7BB8C06915C2D3FB00109154 /* MainStoryboard.storyboard */,
				6FC3010415CF5C230032C490 /* EditUrlViewController.h */,
				6FC3010515CF5C230032C490 /* EditUrlViewController.m */,
				7B99106115CC2E0B00CD2708 /* WebViewController.h */,
				7B99106215CC2E0B00CD2708 /* WebViewController.m */,
				6F2E651C15CB9E9400F738F9 /* ConfigEditViewController.h */,
				6F2E651D15CB9E9400F738F9 /* ConfigEditViewController.m */,
				6F93799A15CB653E00840403 /* ConfigViewController.h */,
				6F93799B15CB653E00840403 /* ConfigViewController.m */,
				7BB8C06F15C2D3FB00109154 /* MasterViewController.h */,
				7BB8C07015C2D3FB00109154 /* MasterViewController.m */,
				6F94520B15D8972E00F68232 /* CMKeychain.h */,
				6F94520C15D8972E00F68232 /* CMKeychain.m */,
				7BB8C07215C2D3FB00109154 /* DetailViewController.h */,
				7BB8C07315C2D3FB00109154 /* DetailViewController.m */,
				7BB8C06C15C2D3FB00109154 /* IdList.xcdatamodeld */,
				6F77884E15D4D231007B46EF /* Account.h */,
				6F77884F15D4D231007B46EF /* Account.m */,
				6F871A3D15D4F96800E471AF /* NSManagedObjectID+getId.h */,
				6F871A3E15D4F96800E471AF /* NSManagedObjectID+getId.m */,
				7BB8C05E15C2D3FB00109154 /* Supporting Files */,
				7BB16CCF15C2F40500FAD7A4 /* LockViewController.h */,
				7BB16CD015C2F40500FAD7A4 /* LockViewController.m */,
				7B995EAA15C434FE0012AD11 /* EditViewController.h */,
				7B995EAB15C434FE0012AD11 /* EditViewController.m */,
				6FA6D3B315CB8AAC0091D8B9 /* PasswordEditViewController.h */,
				6FA6D3B415CB8AAC0091D8B9 /* PasswordEditViewController.m */,
				7B88F11C15CC0F4700414328 /* InitViewController.h */,
				7B88F11D15CC0F4700414328 /* InitViewController.m */,
				6F006C9715DB7018000A7232 /* Localizable.strings */,
			);
			path = IdList;
			sourceTree = "<group>";
		};
		7BB8C05E15C2D3FB00109154 /* Supporting Files */ = {
			isa = PBXGroup;
			children = (
				7BB8C05F15C2D3FB00109154 /* IdList-Info.plist */,
				7BB8C06015C2D3FB00109154 /* InfoPlist.strings */,
				7BB8C06315C2D3FB00109154 /* main.m */,
				7BB8C06515C2D3FB00109154 /* IdList-Prefix.pch */,
			);
			name = "Supporting Files";
			sourceTree = "<group>";
		};
		7BB8C08215C2D3FB00109154 /* IdListTests */ = {
			isa = PBXGroup;
			children = (
				7BB8C08815C2D3FB00109154 /* IdListTests.h */,
				7BB8C08915C2D3FB00109154 /* IdListTests.m */,
				7BB8C08315C2D3FB00109154 /* Supporting Files */,
			);
			path = IdListTests;
			sourceTree = "<group>";
		};
		7BB8C08315C2D3FB00109154 /* Supporting Files */ = {
			isa = PBXGroup;
			children = (
				7BB8C08415C2D3FB00109154 /* IdListTests-Info.plist */,
				7BB8C08515C2D3FB00109154 /* InfoPlist.strings */,
			);
			name = "Supporting Files";
			sourceTree = "<group>";
		};
/* End PBXGroup section */

/* Begin PBXNativeTarget section */
		7BB8C05015C2D3FB00109154 /* IdList */ = {
			isa = PBXNativeTarget;
			buildConfigurationList = 7BB8C08D15C2D3FB00109154 /* Build configuration list for PBXNativeTarget "IdList" */;
			buildPhases = (
				7BB8C04D15C2D3FB00109154 /* Sources */,
				7BB8C04E15C2D3FB00109154 /* Frameworks */,
				7BB8C04F15C2D3FB00109154 /* Resources */,
			);
			buildRules = (
			);
			dependencies = (
			);
			name = IdList;
			productName = IdList;
			productReference = 7BB8C05115C2D3FB00109154 /* IdList.app */;
			productType = "com.apple.product-type.application";
		};
		7BB8C07915C2D3FB00109154 /* IdListTests */ = {
			isa = PBXNativeTarget;
			buildConfigurationList = 7BB8C09015C2D3FB00109154 /* Build configuration list for PBXNativeTarget "IdListTests" */;
			buildPhases = (
				7BB8C07515C2D3FB00109154 /* Sources */,
				7BB8C07615C2D3FB00109154 /* Frameworks */,
				7BB8C07715C2D3FB00109154 /* Resources */,
				7BB8C07815C2D3FB00109154 /* ShellScript */,
			);
			buildRules = (
			);
			dependencies = (
				7BB8C08115C2D3FB00109154 /* PBXTargetDependency */,
			);
			name = IdListTests;
			productName = IdListTests;
			productReference = 7BB8C07A15C2D3FB00109154 /* IdListTests.octest */;
			productType = "com.apple.product-type.bundle";
		};
/* End PBXNativeTarget section */

/* Begin PBXProject section */
		7BB8C04815C2D3FB00109154 /* Project object */ = {
			isa = PBXProject;
			attributes = {
				LastUpgradeCheck = 0440;
				ORGANIZATIONNAME = "パパ";
			};
			buildConfigurationList = 7BB8C04B15C2D3FB00109154 /* Build configuration list for PBXProject "IdList" */;
			compatibilityVersion = "Xcode 3.2";
			developmentRegion = English;
			hasScannedForEncodings = 0;
			knownRegions = (
				en,
				ja,
			);
			mainGroup = 7BB8C04615C2D3FB00109154;
			productRefGroup = 7BB8C05215C2D3FB00109154 /* Products */;
			projectDirPath = "";
			projectRoot = "";
			targets = (
				7BB8C05015C2D3FB00109154 /* IdList */,
				7BB8C07915C2D3FB00109154 /* IdListTests */,
			);
		};
/* End PBXProject section */

/* Begin PBXResourcesBuildPhase section */
		7BB8C04F15C2D3FB00109154 /* Resources */ = {
			isa = PBXResourcesBuildPhase;
			buildActionMask = 2147483647;
			files = (
				7BB8C06215C2D3FB00109154 /* InfoPlist.strings in Resources */,
				7BB8C06B15C2D3FB00109154 /* MainStoryboard.storyboard in Resources */,
				7B1FE34315D9E56B00B3CB4C /* add.png in Resources */,
				7B1FE34415D9E56B00B3CB4C /* conf.png in Resources */,
				6F006C9515DB7018000A7232 /* Localizable.strings in Resources */,
				6FC54E6615DCBCB400CC34EF /* back.png in Resources */,
				6FC54E6715DCBCB400CC34EF /* forward.png in Resources */,
			);
			runOnlyForDeploymentPostprocessing = 0;
		};
		7BB8C07715C2D3FB00109154 /* Resources */ = {
			isa = PBXResourcesBuildPhase;
			buildActionMask = 2147483647;
			files = (
				7BB8C08715C2D3FB00109154 /* InfoPlist.strings in Resources */,
			);
			runOnlyForDeploymentPostprocessing = 0;
		};
/* End PBXResourcesBuildPhase section */

/* Begin PBXShellScriptBuildPhase section */
		7BB8C07815C2D3FB00109154 /* ShellScript */ = {
			isa = PBXShellScriptBuildPhase;
			buildActionMask = 2147483647;
			files = (
			);
			inputPaths = (
			);
			outputPaths = (
			);
			runOnlyForDeploymentPostprocessing = 0;
			shellPath = /bin/sh;
			shellScript = "# Run the unit tests in this test bundle.\n\"${SYSTEM_DEVELOPER_DIR}/Tools/RunUnitTests\"\n";
		};
/* End PBXShellScriptBuildPhase section */

/* Begin PBXSourcesBuildPhase section */
		7BB8C04D15C2D3FB00109154 /* Sources */ = {
			isa = PBXSourcesBuildPhase;
			buildActionMask = 2147483647;
			files = (
				7BB8C06415C2D3FB00109154 /* main.m in Sources */,
				7BB8C06815C2D3FB00109154 /* AppDelegate.m in Sources */,
				7BB8C06E15C2D3FB00109154 /* IdList.xcdatamodeld in Sources */,
				7BB8C07115C2D3FB00109154 /* MasterViewController.m in Sources */,
				7BB8C07415C2D3FB00109154 /* DetailViewController.m in Sources */,
				7BB16CD115C2F40500FAD7A4 /* LockViewController.m in Sources */,
				7B995EAC15C434FE0012AD11 /* EditViewController.m in Sources */,
				6F93799C15CB653E00840403 /* ConfigViewController.m in Sources */,
				6FA6D3B515CB8AAC0091D8B9 /* PasswordEditViewController.m in Sources */,
				6F2E651E15CB9E9400F738F9 /* ConfigEditViewController.m in Sources */,
				7B88F11E15CC0F4700414328 /* InitViewController.m in Sources */,
				7B99106315CC2E0B00CD2708 /* WebViewController.m in Sources */,
				6FC3010615CF5C230032C490 /* EditUrlViewController.m in Sources */,
				6F77885015D4D231007B46EF /* Account.m in Sources */,
				6F871A3F15D4F96800E471AF /* NSManagedObjectID+getId.m in Sources */,
				6F94520D15D8972E00F68232 /* CMKeychain.m in Sources */,
			);
			runOnlyForDeploymentPostprocessing = 0;
		};
		7BB8C07515C2D3FB00109154 /* Sources */ = {
			isa = PBXSourcesBuildPhase;
			buildActionMask = 2147483647;
			files = (
				7BB8C08A15C2D3FB00109154 /* IdListTests.m in Sources */,
			);
			runOnlyForDeploymentPostprocessing = 0;
		};
/* End PBXSourcesBuildPhase section */

/* Begin PBXTargetDependency section */
		7BB8C08115C2D3FB00109154 /* PBXTargetDependency */ = {
			isa = PBXTargetDependency;
			target = 7BB8C05015C2D3FB00109154 /* IdList */;
			targetProxy = 7BB8C08015C2D3FB00109154 /* PBXContainerItemProxy */;
		};
/* End PBXTargetDependency section */

/* Begin PBXVariantGroup section */
		6F006C9715DB7018000A7232 /* Localizable.strings */ = {
			isa = PBXVariantGroup;
			children = (
				6F006C9615DB7018000A7232 /* en */,
				6F006C9815DB7020000A7232 /* ja */,
			);
			name = Localizable.strings;
			sourceTree = "<group>";
		};
		7BB8C06015C2D3FB00109154 /* InfoPlist.strings */ = {
			isa = PBXVariantGroup;
			children = (
				7BB8C06115C2D3FB00109154 /* en */,
				6F006C9015DB52F5000A7232 /* ja */,
			);
			name = InfoPlist.strings;
			sourceTree = "<group>";
		};
		7BB8C06915C2D3FB00109154 /* MainStoryboard.storyboard */ = {
			isa = PBXVariantGroup;
			children = (
				7BB8C06A15C2D3FB00109154 /* en */,
				6F006C8F15DB52F5000A7232 /* ja */,
			);
			name = MainStoryboard.storyboard;
			sourceTree = "<group>";
		};
		7BB8C08515C2D3FB00109154 /* InfoPlist.strings */ = {
			isa = PBXVariantGroup;
			children = (
				7BB8C08615C2D3FB00109154 /* en */,
				6F006C9215DB52F5000A7232 /* ja */,
			);
			name = InfoPlist.strings;
			sourceTree = "<group>";
		};
/* End PBXVariantGroup section */

/* Begin XCBuildConfiguration section */
		7BB8C08B15C2D3FB00109154 /* Debug */ = {
			isa = XCBuildConfiguration;
			buildSettings = {
				ALWAYS_SEARCH_USER_PATHS = NO;
				ARCHS = "$(ARCHS_STANDARD_32_BIT)";
				CLANG_CXX_LANGUAGE_STANDARD = "gnu++0x";
				CLANG_ENABLE_OBJC_ARC = YES;
				CLANG_WARN__DUPLICATE_METHOD_MATCH = YES;
				"CODE_SIGN_IDENTITY[sdk=iphoneos*]" = "iPhone Developer";
				COPY_PHASE_STRIP = NO;
				GCC_C_LANGUAGE_STANDARD = gnu99;
				GCC_DYNAMIC_NO_PIC = NO;
				GCC_OPTIMIZATION_LEVEL = 0;
				GCC_PREPROCESSOR_DEFINITIONS = (
					"DEBUG=1",
					"$(inherited)",
				);
				GCC_SYMBOLS_PRIVATE_EXTERN = NO;
				GCC_VERSION = com.apple.compilers.llvm.clang.1_0;
				GCC_WARN_ABOUT_RETURN_TYPE = YES;
				GCC_WARN_UNINITIALIZED_AUTOS = YES;
				GCC_WARN_UNUSED_VARIABLE = YES;
				IPHONEOS_DEPLOYMENT_TARGET = 5.1;
				SDKROOT = iphoneos;
			};
			name = Debug;
		};
		7BB8C08C15C2D3FB00109154 /* Release */ = {
			isa = XCBuildConfiguration;
			buildSettings = {
				ALWAYS_SEARCH_USER_PATHS = NO;
				ARCHS = "$(ARCHS_STANDARD_32_BIT)";
				CLANG_CXX_LANGUAGE_STANDARD = "gnu++0x";
				CLANG_ENABLE_OBJC_ARC = YES;
				CLANG_WARN__DUPLICATE_METHOD_MATCH = YES;
				"CODE_SIGN_IDENTITY[sdk=iphoneos*]" = "iPhone Developer";
				COPY_PHASE_STRIP = YES;
				GCC_C_LANGUAGE_STANDARD = gnu99;
				GCC_VERSION = com.apple.compilers.llvm.clang.1_0;
				GCC_WARN_ABOUT_RETURN_TYPE = YES;
				GCC_WARN_UNINITIALIZED_AUTOS = YES;
				GCC_WARN_UNUSED_VARIABLE = YES;
				IPHONEOS_DEPLOYMENT_TARGET = 5.1;
				OTHER_CFLAGS = "-DNS_BLOCK_ASSERTIONS=1";
				SDKROOT = iphoneos;
				VALIDATE_PRODUCT = YES;
			};
			name = Release;
		};
		7BB8C08E15C2D3FB00109154 /* Debug */ = {
			isa = XCBuildConfiguration;
			buildSettings = {
				GCC_PRECOMPILE_PREFIX_HEADER = YES;
				GCC_PREFIX_HEADER = "IdList/IdList-Prefix.pch";
				INFOPLIST_FILE = "IdList/IdList-Info.plist";
				PRODUCT_NAME = "$(TARGET_NAME)";
				WRAPPER_EXTENSION = app;
			};
			name = Debug;
		};
		7BB8C08F15C2D3FB00109154 /* Release */ = {
			isa = XCBuildConfiguration;
			buildSettings = {
				GCC_PRECOMPILE_PREFIX_HEADER = YES;
				GCC_PREFIX_HEADER = "IdList/IdList-Prefix.pch";
				INFOPLIST_FILE = "IdList/IdList-Info.plist";
				PRODUCT_NAME = "$(TARGET_NAME)";
				WRAPPER_EXTENSION = app;
			};
			name = Release;
		};
		7BB8C09115C2D3FB00109154 /* Debug */ = {
			isa = XCBuildConfiguration;
			buildSettings = {
				BUNDLE_LOADER = "$(BUILT_PRODUCTS_DIR)/IdList.app/IdList";
				FRAMEWORK_SEARCH_PATHS = (
					"\"$(SDKROOT)/Developer/Library/Frameworks\"",
					"\"$(DEVELOPER_LIBRARY_DIR)/Frameworks\"",
				);
				GCC_PRECOMPILE_PREFIX_HEADER = YES;
				GCC_PREFIX_HEADER = "IdList/IdList-Prefix.pch";
				INFOPLIST_FILE = "IdListTests/IdListTests-Info.plist";
				PRODUCT_NAME = "$(TARGET_NAME)";
				TEST_HOST = "$(BUNDLE_LOADER)";
				WRAPPER_EXTENSION = octest;
			};
			name = Debug;
		};
		7BB8C09215C2D3FB00109154 /* Release */ = {
			isa = XCBuildConfiguration;
			buildSettings = {
				BUNDLE_LOADER = "$(BUILT_PRODUCTS_DIR)/IdList.app/IdList";
				FRAMEWORK_SEARCH_PATHS = (
					"\"$(SDKROOT)/Developer/Library/Frameworks\"",
					"\"$(DEVELOPER_LIBRARY_DIR)/Frameworks\"",
				);
				GCC_PRECOMPILE_PREFIX_HEADER = YES;
				GCC_PREFIX_HEADER = "IdList/IdList-Prefix.pch";
				INFOPLIST_FILE = "IdListTests/IdListTests-Info.plist";
				PRODUCT_NAME = "$(TARGET_NAME)";
				TEST_HOST = "$(BUNDLE_LOADER)";
				WRAPPER_EXTENSION = octest;
			};
			name = Release;
		};
/* End XCBuildConfiguration section */

/* Begin XCConfigurationList section */
		7BB8C04B15C2D3FB00109154 /* Build configuration list for PBXProject "IdList" */ = {
			isa = XCConfigurationList;
			buildConfigurations = (
				7BB8C08B15C2D3FB00109154 /* Debug */,
				7BB8C08C15C2D3FB00109154 /* Release */,
			);
			defaultConfigurationIsVisible = 0;
			defaultConfigurationName = Release;
		};
		7BB8C08D15C2D3FB00109154 /* Build configuration list for PBXNativeTarget "IdList" */ = {
			isa = XCConfigurationList;
			buildConfigurations = (
				7BB8C08E15C2D3FB00109154 /* Debug */,
				7BB8C08F15C2D3FB00109154 /* Release */,
			);
			defaultConfigurationIsVisible = 0;
			defaultConfigurationName = Release;
		};
		7BB8C09015C2D3FB00109154 /* Build configuration list for PBXNativeTarget "IdListTests" */ = {
			isa = XCConfigurationList;
			buildConfigurations = (
				7BB8C09115C2D3FB00109154 /* Debug */,
				7BB8C09215C2D3FB00109154 /* Release */,
			);
			defaultConfigurationIsVisible = 0;
			defaultConfigurationName = Release;
		};
/* End XCConfigurationList section */

/* Begin XCVersionGroup section */
		7BB8C06C15C2D3FB00109154 /* IdList.xcdatamodeld */ = {
			isa = XCVersionGroup;
			children = (
				7BB8C06D15C2D3FB00109154 /* IdList.xcdatamodel */,
			);
			currentVersion = 7BB8C06D15C2D3FB00109154 /* IdList.xcdatamodel */;
			path = IdList.xcdatamodeld;
			sourceTree = "<group>";
			versionGroupType = wrapper.xcdatamodel;
		};
/* End XCVersionGroup section */
	};
	rootObject = 7BB8C04815C2D3FB00109154 /* Project object */;
}
